
Microsoft Visual Studio Solution File, Format Version 12.00
# Visual Studio Version 17
VisualStudioVersion = 17.8.34511.84
MinimumVisualStudioVersion = 10.0.40219.1
Project("{FAE04EC0-301F-11D3-BF4B-00C04F79EFBC}") = "Application", "Application\Application.csproj", "{F281AAA3-4EBA-4EEF-961D-D10CD58B902B}"
EndProject
Project("{FAE04EC0-301F-11D3-BF4B-00C04F79EFBC}") = "Persistance", "Persistance\Persistance.csproj", "{A169C851-2D48-4928-8253-9D7C1B159AE8}"
EndProject
Project("{FAE04EC0-301F-11D3-BF4B-00C04F79EFBC}") = "Domain", "Domain\Domain.csproj", "{B2DA5AA8-D399-471E-862B-07F2DA360D67}"
EndProject
Project("{FAE04EC0-301F-11D3-BF4B-00C04F79EFBC}") = "WebApi", "WebApi\WebApi.csproj", "{C597745D-F036-4F8A-B111-F54E5C7F6C33}"
EndProject
Global
	GlobalSection(SolutionConfigurationPlatforms) = preSolution
		Debug|Any CPU = Debug|Any CPU
		Release|Any CPU = Release|Any CPU
	EndGlobalSection
	GlobalSection(ProjectConfigurationPlatforms) = postSolution
		{F281AAA3-4EBA-4EEF-961D-D10CD58B902B}.Debug|Any CPU.ActiveCfg = Debug|Any CPU
		{F281AAA3-4EBA-4EEF-961D-D10CD58B902B}.Debug|Any CPU.Build.0 = Debug|Any CPU
		{F281AAA3-4EBA-4EEF-961D-D10CD58B902B}.Release|Any CPU.ActiveCfg = Release|Any CPU
		{F281AAA3-4EBA-4EEF-961D-D10CD58B902B}.Release|Any CPU.Build.0 = Release|Any CPU
		{A169C851-2D48-4928-8253-9D7C1B159AE8}.Debug|Any CPU.ActiveCfg = Debug|Any CPU
		{A169C851-2D48-4928-8253-9D7C1B159AE8}.Debug|Any CPU.Build.0 = Debug|Any CPU
		{A169C851-2D48-4928-8253-9D7C1B159AE8}.Release|Any CPU.ActiveCfg = Release|Any CPU
		{A169C851-2D48-4928-8253-9D7C1B159AE8}.Release|Any CPU.Build.0 = Release|Any CPU
		{B2DA5AA8-D399-471E-862B-07F2DA360D67}.Debug|Any CPU.ActiveCfg = Debug|Any CPU
		{B2DA5AA8-D399-471E-862B-07F2DA360D67}.Debug|Any CPU.Build.0 = Debug|Any CPU
		{B2DA5AA8-D399-471E-862B-07F2DA360D67}.Release|Any CPU.ActiveCfg = Release|Any CPU
		{B2DA5AA8-D399-471E-862B-07F2DA360D67}.Release|Any CPU.Build.0 = Release|Any CPU
		{C597745D-F036-4F8A-B111-F54E5C7F6C33}.Debug|Any CPU.ActiveCfg = Debug|Any CPU
		{C597745D-F036-4F8A-B111-F54E5C7F6C33}.Debug|Any CPU.Build.0 = Debug|Any CPU
		{C597745D-F036-4F8A-B111-F54E5C7F6C33}.Release|Any CPU.ActiveCfg = Release|Any CPU
		{C597745D-F036-4F8A-B111-F54E5C7F6C33}.Release|Any CPU.Build.0 = Release|Any CPU
	EndGlobalSection
	GlobalSection(SolutionProperties) = preSolution
		HideSolutionNode = FALSE
	EndGlobalSection
	GlobalSection(ExtensibilityGlobals) = postSolution
		SolutionGuid = {B3CBBCD6-28E9-46DA-8621-26C51B84CC64}
	EndGlobalSection
EndGlobal
